// !$*UTF8*$!
{
	archiveVersion = 1;
	classes = {
	};
	objectVersion = 46;
	objects = {

/* Begin PBXBuildFile section */
		45ABD5B91DABC12F00670593 /* AppDelegate.swift in Sources */ = {isa = PBXBuildFile; fileRef = 45ABD5B81DABC12F00670593 /* AppDelegate.swift */; };
		45ABD5BB1DABC12F00670593 /* ViewController.swift in Sources */ = {isa = PBXBuildFile; fileRef = 45ABD5BA1DABC12F00670593 /* ViewController.swift */; };
		45ABD5BE1DABC12F00670593 /* Main.storyboard in Resources */ = {isa = PBXBuildFile; fileRef = 45ABD5BC1DABC12F00670593 /* Main.storyboard */; };
		45ABD5C01DABC12F00670593 /* Assets.xcassets in Resources */ = {isa = PBXBuildFile; fileRef = 45ABD5BF1DABC12F00670593 /* Assets.xcassets */; };
		45ABD5C31DABC12F00670593 /* LaunchScreen.storyboard in Resources */ = {isa = PBXBuildFile; fileRef = 45ABD5C11DABC12F00670593 /* LaunchScreen.storyboard */; };
		D439BA5E1DBEF78E00528B71 /* NumericalConvertTests.swift in Sources */ = {isa = PBXBuildFile; fileRef = D439BA5D1DBEF78E00528B71 /* NumericalConvertTests.swift */; };
		D455EA561DC097C600656EC2 /* MappingAce.h in Headers */ = {isa = PBXBuildFile; fileRef = D455EA541DC097C600656EC2 /* MappingAce.h */; settings = {ATTRIBUTES = (Public, ); }; };
		D455EA591DC097C600656EC2 /* MappingAce.framework in Frameworks */ = {isa = PBXBuildFile; fileRef = D455EA521DC097C600656EC2 /* MappingAce.framework */; };
		D455EA5A1DC097C600656EC2 /* MappingAce.framework in Embed Frameworks */ = {isa = PBXBuildFile; fileRef = D455EA521DC097C600656EC2 /* MappingAce.framework */; settings = {ATTRIBUTES = (CodeSignOnCopy, RemoveHeadersOnCopy, ); }; };
		D455EA6F1DC0981E00656EC2 /* ArrayMapping.swift in Sources */ = {isa = PBXBuildFile; fileRef = D455EA5F1DC0981E00656EC2 /* ArrayMapping.swift */; };
		D455EA701DC0981E00656EC2 /* EnumIntMapping.swift in Sources */ = {isa = PBXBuildFile; fileRef = D455EA601DC0981E00656EC2 /* EnumIntMapping.swift */; };
		D455EA711DC0981E00656EC2 /* EnumStringMapping.swift in Sources */ = {isa = PBXBuildFile; fileRef = D455EA611DC0981E00656EC2 /* EnumStringMapping.swift */; };
		D455EA721DC0981E00656EC2 /* Initializable.swift in Sources */ = {isa = PBXBuildFile; fileRef = D455EA621DC0981E00656EC2 /* Initializable.swift */; };
		D455EA731DC0981E00656EC2 /* InitMapping.swift in Sources */ = {isa = PBXBuildFile; fileRef = D455EA631DC0981E00656EC2 /* InitMapping.swift */; };
		D455EA741DC0981E00656EC2 /* IntegerMapping.swift in Sources */ = {isa = PBXBuildFile; fileRef = D455EA641DC0981E00656EC2 /* IntegerMapping.swift */; };
		D455EA751DC0981E00656EC2 /* KeyMapping.swift in Sources */ = {isa = PBXBuildFile; fileRef = D455EA651DC0981E00656EC2 /* KeyMapping.swift */; };
		D455EA761DC0981E00656EC2 /* Mapping.swift in Sources */ = {isa = PBXBuildFile; fileRef = D455EA661DC0981E00656EC2 /* Mapping.swift */; };
		D455EA771DC0981E00656EC2 /* Metadata.swift in Sources */ = {isa = PBXBuildFile; fileRef = D455EA671DC0981E00656EC2 /* Metadata.swift */; };
		D455EA781DC0981E00656EC2 /* ObjectMetadata.swift in Sources */ = {isa = PBXBuildFile; fileRef = D455EA681DC0981E00656EC2 /* ObjectMetadata.swift */; };
		D455EA791DC0981E00656EC2 /* OptionalMapping.swift in Sources */ = {isa = PBXBuildFile; fileRef = D455EA691DC0981E00656EC2 /* OptionalMapping.swift */; };
		D455EA7A1DC0981E00656EC2 /* PropertyMapping.swift in Sources */ = {isa = PBXBuildFile; fileRef = D455EA6A1DC0981E00656EC2 /* PropertyMapping.swift */; };
		D455EA7B1DC0981E00656EC2 /* Serializable.swift in Sources */ = {isa = PBXBuildFile; fileRef = D455EA6B1DC0981E00656EC2 /* Serializable.swift */; };
		D455EA7C1DC0981E00656EC2 /* StringMapping.swift in Sources */ = {isa = PBXBuildFile; fileRef = D455EA6C1DC0981E00656EC2 /* StringMapping.swift */; };
		D455EA7D1DC0981E00656EC2 /* Updatable.swift in Sources */ = {isa = PBXBuildFile; fileRef = D455EA6D1DC0981E00656EC2 /* Updatable.swift */; };
		D455EA7E1DC0981E00656EC2 /* ValueMapping.swift in Sources */ = {isa = PBXBuildFile; fileRef = D455EA6E1DC0981E00656EC2 /* ValueMapping.swift */; };
		D4960D251DBF4A630017FE76 /* JSONSerializationTests.swift in Sources */ = {isa = PBXBuildFile; fileRef = D4960D241DBF4A630017FE76 /* JSONSerializationTests.swift */; };
		D4A454711DBDE06600551ADC /* SwiftClassMappingTests.swift in Sources */ = {isa = PBXBuildFile; fileRef = D4A454701DBDE06600551ADC /* SwiftClassMappingTests.swift */; };
		D4A454751DBDE37800551ADC /* SwiftStructNonilTests.swift in Sources */ = {isa = PBXBuildFile; fileRef = D4A454741DBDE37800551ADC /* SwiftStructNonilTests.swift */; };
		D4A454771DBDE4DF00551ADC /* SwiftStructNullableTests.swift in Sources */ = {isa = PBXBuildFile; fileRef = D4A454761DBDE4DF00551ADC /* SwiftStructNullableTests.swift */; };
		D4D92A6F1DEEA90B009513B8 /* MappingError.swift in Sources */ = {isa = PBXBuildFile; fileRef = D4D92A6E1DEEA90B009513B8 /* MappingError.swift */; };
		D4D92A711DEEABF2009513B8 /* ArrayMappingTests.swift in Sources */ = {isa = PBXBuildFile; fileRef = D4D92A701DEEABF2009513B8 /* ArrayMappingTests.swift */; };
/* End PBXBuildFile section */

/* Begin PBXContainerItemProxy section */
		D455EA571DC097C600656EC2 /* PBXContainerItemProxy */ = {
			isa = PBXContainerItemProxy;
			containerPortal = 45ABD5AD1DABC12E00670593 /* Project object */;
			proxyType = 1;
			remoteGlobalIDString = D455EA511DC097C600656EC2;
			remoteInfo = MappingAce;
		};
		D4A454631DBDDFB100551ADC /* PBXContainerItemProxy */ = {
			isa = PBXContainerItemProxy;
			containerPortal = 45ABD5AD1DABC12E00670593 /* Project object */;
			proxyType = 1;
			remoteGlobalIDString = 45ABD5B41DABC12E00670593;
			remoteInfo = Mapping;
		};
/* End PBXContainerItemProxy section */

/* Begin PBXCopyFilesBuildPhase section */
		D455EA5E1DC097C600656EC2 /* Embed Frameworks */ = {
			isa = PBXCopyFilesBuildPhase;
			buildActionMask = 2147483647;
			dstPath = "";
			dstSubfolderSpec = 10;
			files = (
				D455EA5A1DC097C600656EC2 /* MappingAce.framework in Embed Frameworks */,
			);
			name = "Embed Frameworks";
			runOnlyForDeploymentPostprocessing = 0;
		};
/* End PBXCopyFilesBuildPhase section */

/* Begin PBXFileReference section */
		45ABD5B51DABC12F00670593 /* Mapping.app */ = {isa = PBXFileReference; explicitFileType = wrapper.application; includeInIndex = 0; path = Mapping.app; sourceTree = BUILT_PRODUCTS_DIR; };
		45ABD5B81DABC12F00670593 /* AppDelegate.swift */ = {isa = PBXFileReference; lastKnownFileType = sourcecode.swift; path = AppDelegate.swift; sourceTree = "<group>"; };
		45ABD5BA1DABC12F00670593 /* ViewController.swift */ = {isa = PBXFileReference; lastKnownFileType = sourcecode.swift; path = ViewController.swift; sourceTree = "<group>"; };
		45ABD5BD1DABC12F00670593 /* Base */ = {isa = PBXFileReference; lastKnownFileType = file.storyboard; name = Base; path = Base.lproj/Main.storyboard; sourceTree = "<group>"; };
		45ABD5BF1DABC12F00670593 /* Assets.xcassets */ = {isa = PBXFileReference; lastKnownFileType = folder.assetcatalog; path = Assets.xcassets; sourceTree = "<group>"; };
		45ABD5C21DABC12F00670593 /* Base */ = {isa = PBXFileReference; lastKnownFileType = file.storyboard; name = Base; path = Base.lproj/LaunchScreen.storyboard; sourceTree = "<group>"; };
		45ABD5C41DABC12F00670593 /* Info.plist */ = {isa = PBXFileReference; lastKnownFileType = text.plist.xml; path = Info.plist; sourceTree = "<group>"; };
		D439BA5D1DBEF78E00528B71 /* NumericalConvertTests.swift */ = {isa = PBXFileReference; fileEncoding = 4; lastKnownFileType = sourcecode.swift; path = NumericalConvertTests.swift; sourceTree = "<group>"; };
		D455EA521DC097C600656EC2 /* MappingAce.framework */ = {isa = PBXFileReference; explicitFileType = wrapper.framework; includeInIndex = 0; path = MappingAce.framework; sourceTree = BUILT_PRODUCTS_DIR; };
		D455EA541DC097C600656EC2 /* MappingAce.h */ = {isa = PBXFileReference; lastKnownFileType = sourcecode.c.h; path = MappingAce.h; sourceTree = "<group>"; };
		D455EA551DC097C600656EC2 /* Info.plist */ = {isa = PBXFileReference; lastKnownFileType = text.plist.xml; path = Info.plist; sourceTree = "<group>"; };
		D455EA5F1DC0981E00656EC2 /* ArrayMapping.swift */ = {isa = PBXFileReference; fileEncoding = 4; lastKnownFileType = sourcecode.swift; path = ArrayMapping.swift; sourceTree = "<group>"; };
		D455EA601DC0981E00656EC2 /* EnumIntMapping.swift */ = {isa = PBXFileReference; fileEncoding = 4; lastKnownFileType = sourcecode.swift; path = EnumIntMapping.swift; sourceTree = "<group>"; };
		D455EA611DC0981E00656EC2 /* EnumStringMapping.swift */ = {isa = PBXFileReference; fileEncoding = 4; lastKnownFileType = sourcecode.swift; path = EnumStringMapping.swift; sourceTree = "<group>"; };
		D455EA621DC0981E00656EC2 /* Initializable.swift */ = {isa = PBXFileReference; fileEncoding = 4; lastKnownFileType = sourcecode.swift; path = Initializable.swift; sourceTree = "<group>"; };
		D455EA631DC0981E00656EC2 /* InitMapping.swift */ = {isa = PBXFileReference; fileEncoding = 4; lastKnownFileType = sourcecode.swift; path = InitMapping.swift; sourceTree = "<group>"; };
		D455EA641DC0981E00656EC2 /* IntegerMapping.swift */ = {isa = PBXFileReference; fileEncoding = 4; lastKnownFileType = sourcecode.swift; path = IntegerMapping.swift; sourceTree = "<group>"; };
		D455EA651DC0981E00656EC2 /* KeyMapping.swift */ = {isa = PBXFileReference; fileEncoding = 4; lastKnownFileType = sourcecode.swift; path = KeyMapping.swift; sourceTree = "<group>"; };
		D455EA661DC0981E00656EC2 /* Mapping.swift */ = {isa = PBXFileReference; fileEncoding = 4; lastKnownFileType = sourcecode.swift; path = Mapping.swift; sourceTree = "<group>"; };
		D455EA671DC0981E00656EC2 /* Metadata.swift */ = {isa = PBXFileReference; fileEncoding = 4; lastKnownFileType = sourcecode.swift; path = Metadata.swift; sourceTree = "<group>"; };
		D455EA681DC0981E00656EC2 /* ObjectMetadata.swift */ = {isa = PBXFileReference; fileEncoding = 4; lastKnownFileType = sourcecode.swift; path = ObjectMetadata.swift; sourceTree = "<group>"; };
		D455EA691DC0981E00656EC2 /* OptionalMapping.swift */ = {isa = PBXFileReference; fileEncoding = 4; lastKnownFileType = sourcecode.swift; path = OptionalMapping.swift; sourceTree = "<group>"; };
		D455EA6A1DC0981E00656EC2 /* PropertyMapping.swift */ = {isa = PBXFileReference; fileEncoding = 4; lastKnownFileType = sourcecode.swift; path = PropertyMapping.swift; sourceTree = "<group>"; };
		D455EA6B1DC0981E00656EC2 /* Serializable.swift */ = {isa = PBXFileReference; fileEncoding = 4; lastKnownFileType = sourcecode.swift; path = Serializable.swift; sourceTree = "<group>"; };
		D455EA6C1DC0981E00656EC2 /* StringMapping.swift */ = {isa = PBXFileReference; fileEncoding = 4; lastKnownFileType = sourcecode.swift; path = StringMapping.swift; sourceTree = "<group>"; };
		D455EA6D1DC0981E00656EC2 /* Updatable.swift */ = {isa = PBXFileReference; fileEncoding = 4; lastKnownFileType = sourcecode.swift; path = Updatable.swift; sourceTree = "<group>"; };
		D455EA6E1DC0981E00656EC2 /* ValueMapping.swift */ = {isa = PBXFileReference; fileEncoding = 4; lastKnownFileType = sourcecode.swift; path = ValueMapping.swift; sourceTree = "<group>"; };
		D4960D241DBF4A630017FE76 /* JSONSerializationTests.swift */ = {isa = PBXFileReference; fileEncoding = 4; lastKnownFileType = sourcecode.swift; path = JSONSerializationTests.swift; sourceTree = "<group>"; };
		D4A4545E1DBDDFB100551ADC /* MappingTests.xctest */ = {isa = PBXFileReference; explicitFileType = wrapper.cfbundle; includeInIndex = 0; path = MappingTests.xctest; sourceTree = BUILT_PRODUCTS_DIR; };
		D4A454621DBDDFB100551ADC /* Info.plist */ = {isa = PBXFileReference; lastKnownFileType = text.plist.xml; path = Info.plist; sourceTree = "<group>"; };
		D4A454701DBDE06600551ADC /* SwiftClassMappingTests.swift */ = {isa = PBXFileReference; fileEncoding = 4; lastKnownFileType = sourcecode.swift; path = SwiftClassMappingTests.swift; sourceTree = "<group>"; };
		D4A454741DBDE37800551ADC /* SwiftStructNonilTests.swift */ = {isa = PBXFileReference; fileEncoding = 4; lastKnownFileType = sourcecode.swift; path = SwiftStructNonilTests.swift; sourceTree = "<group>"; };
		D4A454761DBDE4DF00551ADC /* SwiftStructNullableTests.swift */ = {isa = PBXFileReference; fileEncoding = 4; lastKnownFileType = sourcecode.swift; path = SwiftStructNullableTests.swift; sourceTree = "<group>"; };
		D4D92A6E1DEEA90B009513B8 /* MappingError.swift */ = {isa = PBXFileReference; fileEncoding = 4; lastKnownFileType = sourcecode.swift; path = MappingError.swift; sourceTree = "<group>"; };
		D4D92A701DEEABF2009513B8 /* ArrayMappingTests.swift */ = {isa = PBXFileReference; fileEncoding = 4; lastKnownFileType = sourcecode.swift; path = ArrayMappingTests.swift; sourceTree = "<group>"; };
/* End PBXFileReference section */

/* Begin PBXFrameworksBuildPhase section */
		45ABD5B21DABC12E00670593 /* Frameworks */ = {
			isa = PBXFrameworksBuildPhase;
			buildActionMask = 2147483647;
			files = (
				D455EA591DC097C600656EC2 /* MappingAce.framework in Frameworks */,
			);
			runOnlyForDeploymentPostprocessing = 0;
		};
		D455EA4E1DC097C600656EC2 /* Frameworks */ = {
			isa = PBXFrameworksBuildPhase;
			buildActionMask = 2147483647;
			files = (
			);
			runOnlyForDeploymentPostprocessing = 0;
		};
		D4A4545B1DBDDFB100551ADC /* Frameworks */ = {
			isa = PBXFrameworksBuildPhase;
			buildActionMask = 2147483647;
			files = (
			);
			runOnlyForDeploymentPostprocessing = 0;
		};
/* End PBXFrameworksBuildPhase section */

/* Begin PBXGroup section */
		45ABD5AC1DABC12E00670593 = {
			isa = PBXGroup;
			children = (
				45ABD5B71DABC12F00670593 /* Mapping */,
				D4A4545F1DBDDFB100551ADC /* MappingTests */,
				D455EA531DC097C600656EC2 /* MappingAce */,
				45ABD5B61DABC12F00670593 /* Products */,
			);
			sourceTree = "<group>";
		};
		45ABD5B61DABC12F00670593 /* Products */ = {
			isa = PBXGroup;
			children = (
				45ABD5B51DABC12F00670593 /* Mapping.app */,
				D4A4545E1DBDDFB100551ADC /* MappingTests.xctest */,
				D455EA521DC097C600656EC2 /* MappingAce.framework */,
			);
			name = Products;
			sourceTree = "<group>";
		};
		45ABD5B71DABC12F00670593 /* Mapping */ = {
			isa = PBXGroup;
			children = (
				45ABD5B81DABC12F00670593 /* AppDelegate.swift */,
				45ABD5BA1DABC12F00670593 /* ViewController.swift */,
				45ABD5BC1DABC12F00670593 /* Main.storyboard */,
				45ABD5BF1DABC12F00670593 /* Assets.xcassets */,
				45ABD5C11DABC12F00670593 /* LaunchScreen.storyboard */,
				45ABD5C41DABC12F00670593 /* Info.plist */,
			);
			path = Mapping;
			sourceTree = "<group>";
		};
		D455EA531DC097C600656EC2 /* MappingAce */ = {
			isa = PBXGroup;
			children = (
				D455EA5F1DC0981E00656EC2 /* ArrayMapping.swift */,
				D455EA601DC0981E00656EC2 /* EnumIntMapping.swift */,
				D455EA611DC0981E00656EC2 /* EnumStringMapping.swift */,
				D455EA621DC0981E00656EC2 /* Initializable.swift */,
				D455EA631DC0981E00656EC2 /* InitMapping.swift */,
				D455EA641DC0981E00656EC2 /* IntegerMapping.swift */,
				D455EA651DC0981E00656EC2 /* KeyMapping.swift */,
				D455EA661DC0981E00656EC2 /* Mapping.swift */,
				D455EA671DC0981E00656EC2 /* Metadata.swift */,
				D455EA681DC0981E00656EC2 /* ObjectMetadata.swift */,
				D455EA691DC0981E00656EC2 /* OptionalMapping.swift */,
				D455EA6A1DC0981E00656EC2 /* PropertyMapping.swift */,
				D455EA6B1DC0981E00656EC2 /* Serializable.swift */,
				D455EA6C1DC0981E00656EC2 /* StringMapping.swift */,
				D455EA6D1DC0981E00656EC2 /* Updatable.swift */,
				D455EA6E1DC0981E00656EC2 /* ValueMapping.swift */,
				D455EA541DC097C600656EC2 /* MappingAce.h */,
				D455EA551DC097C600656EC2 /* Info.plist */,
				D4D92A6E1DEEA90B009513B8 /* MappingError.swift */,
			);
			path = MappingAce;
			sourceTree = "<group>";
		};
		D4A4545F1DBDDFB100551ADC /* MappingTests */ = {
			isa = PBXGroup;
			children = (
				D4A454741DBDE37800551ADC /* SwiftStructNonilTests.swift */,
				D4A454761DBDE4DF00551ADC /* SwiftStructNullableTests.swift */,
				D4A454701DBDE06600551ADC /* SwiftClassMappingTests.swift */,
				D439BA5D1DBEF78E00528B71 /* NumericalConvertTests.swift */,
				D4D92A701DEEABF2009513B8 /* ArrayMappingTests.swift */,
				D4A454621DBDDFB100551ADC /* Info.plist */,
				D4960D241DBF4A630017FE76 /* JSONSerializationTests.swift */,
			);
			path = MappingTests;
			sourceTree = "<group>";
		};
/* End PBXGroup section */

/* Begin PBXHeadersBuildPhase section */
		D455EA4F1DC097C600656EC2 /* Headers */ = {
			isa = PBXHeadersBuildPhase;
			buildActionMask = 2147483647;
			files = (
				D455EA561DC097C600656EC2 /* MappingAce.h in Headers */,
			);
			runOnlyForDeploymentPostprocessing = 0;
		};
/* End PBXHeadersBuildPhase section */

/* Begin PBXNativeTarget section */
		45ABD5B41DABC12E00670593 /* Mapping */ = {
			isa = PBXNativeTarget;
			buildConfigurationList = 45ABD5C71DABC12F00670593 /* Build configuration list for PBXNativeTarget "Mapping" */;
			buildPhases = (
				45ABD5B11DABC12E00670593 /* Sources */,
				45ABD5B21DABC12E00670593 /* Frameworks */,
				45ABD5B31DABC12E00670593 /* Resources */,
				D455EA5E1DC097C600656EC2 /* Embed Frameworks */,
			);
			buildRules = (
			);
			dependencies = (
				D455EA581DC097C600656EC2 /* PBXTargetDependency */,
			);
			name = Mapping;
			productName = Mapping;
			productReference = 45ABD5B51DABC12F00670593 /* Mapping.app */;
			productType = "com.apple.product-type.application";
		};
		D455EA511DC097C600656EC2 /* MappingAce */ = {
			isa = PBXNativeTarget;
			buildConfigurationList = D455EA5D1DC097C600656EC2 /* Build configuration list for PBXNativeTarget "MappingAce" */;
			buildPhases = (
				D455EA4D1DC097C600656EC2 /* Sources */,
				D455EA4E1DC097C600656EC2 /* Frameworks */,
				D455EA4F1DC097C600656EC2 /* Headers */,
				D455EA501DC097C600656EC2 /* Resources */,
			);
			buildRules = (
			);
			dependencies = (
			);
			name = MappingAce;
			productName = MappingAce;
			productReference = D455EA521DC097C600656EC2 /* MappingAce.framework */;
			productType = "com.apple.product-type.framework";
		};
		D4A4545D1DBDDFB100551ADC /* MappingTests */ = {
			isa = PBXNativeTarget;
			buildConfigurationList = D4A454651DBDDFB100551ADC /* Build configuration list for PBXNativeTarget "MappingTests" */;
			buildPhases = (
				D4A4545A1DBDDFB100551ADC /* Sources */,
				D4A4545B1DBDDFB100551ADC /* Frameworks */,
				D4A4545C1DBDDFB100551ADC /* Resources */,
			);
			buildRules = (
			);
			dependencies = (
				D4A454641DBDDFB100551ADC /* PBXTargetDependency */,
			);
			name = MappingTests;
			productName = MappingTests;
			productReference = D4A4545E1DBDDFB100551ADC /* MappingTests.xctest */;
			productType = "com.apple.product-type.bundle.unit-test";
		};
/* End PBXNativeTarget section */

/* Begin PBXProject section */
		45ABD5AD1DABC12E00670593 /* Project object */ = {
			isa = PBXProject;
			attributes = {
				LastSwiftUpdateCheck = 0800;
				LastUpgradeCheck = 0800;
				ORGANIZATIONNAME = "Ice Butterfly";
				TargetAttributes = {
					45ABD5B41DABC12E00670593 = {
						CreatedOnToolsVersion = 8.0;
						DevelopmentTeam = VSXKPZWN4F;
						ProvisioningStyle = Automatic;
					};
					D455EA511DC097C600656EC2 = {
						CreatedOnToolsVersion = 8.0;
						DevelopmentTeam = VSXKPZWN4F;
						LastSwiftMigration = 0800;
						ProvisioningStyle = Automatic;
					};
					D4A4545D1DBDDFB100551ADC = {
						CreatedOnToolsVersion = 8.0;
						DevelopmentTeam = VSXKPZWN4F;
						ProvisioningStyle = Automatic;
						TestTargetID = 45ABD5B41DABC12E00670593;
					};
				};
			};
			buildConfigurationList = 45ABD5B01DABC12E00670593 /* Build configuration list for PBXProject "Mapping" */;
			compatibilityVersion = "Xcode 3.2";
			developmentRegion = English;
			hasScannedForEncodings = 0;
			knownRegions = (
				en,
				Base,
			);
			mainGroup = 45ABD5AC1DABC12E00670593;
			productRefGroup = 45ABD5B61DABC12F00670593 /* Products */;
			projectDirPath = "";
			projectRoot = "";
			targets = (
				45ABD5B41DABC12E00670593 /* Mapping */,
				D4A4545D1DBDDFB100551ADC /* MappingTests */,
				D455EA511DC097C600656EC2 /* MappingAce */,
			);
		};
/* End PBXProject section */

/* Begin PBXResourcesBuildPhase section */
		45ABD5B31DABC12E00670593 /* Resources */ = {
			isa = PBXResourcesBuildPhase;
			buildActionMask = 2147483647;
			files = (
				45ABD5C31DABC12F00670593 /* LaunchScreen.storyboard in Resources */,
				45ABD5C01DABC12F00670593 /* Assets.xcassets in Resources */,
				45ABD5BE1DABC12F00670593 /* Main.storyboard in Resources */,
			);
			runOnlyForDeploymentPostprocessing = 0;
		};
		D455EA501DC097C600656EC2 /* Resources */ = {
			isa = PBXResourcesBuildPhase;
			buildActionMask = 2147483647;
			files = (
			);
			runOnlyForDeploymentPostprocessing = 0;
		};
		D4A4545C1DBDDFB100551ADC /* Resources */ = {
			isa = PBXResourcesBuildPhase;
			buildActionMask = 2147483647;
			files = (
			);
			runOnlyForDeploymentPostprocessing = 0;
		};
/* End PBXResourcesBuildPhase section */

/* Begin PBXSourcesBuildPhase section */
		45ABD5B11DABC12E00670593 /* Sources */ = {
			isa = PBXSourcesBuildPhase;
			buildActionMask = 2147483647;
			files = (
				45ABD5BB1DABC12F00670593 /* ViewController.swift in Sources */,
				45ABD5B91DABC12F00670593 /* AppDelegate.swift in Sources */,
			);
			runOnlyForDeploymentPostprocessing = 0;
		};
		D455EA4D1DC097C600656EC2 /* Sources */ = {
			isa = PBXSourcesBuildPhase;
			buildActionMask = 2147483647;
			files = (
				D455EA6F1DC0981E00656EC2 /* ArrayMapping.swift in Sources */,
				D455EA751DC0981E00656EC2 /* KeyMapping.swift in Sources */,
				D455EA701DC0981E00656EC2 /* EnumIntMapping.swift in Sources */,
				D455EA711DC0981E00656EC2 /* EnumStringMapping.swift in Sources */,
				D455EA761DC0981E00656EC2 /* Mapping.swift in Sources */,
				D455EA7C1DC0981E00656EC2 /* StringMapping.swift in Sources */,
				D455EA7E1DC0981E00656EC2 /* ValueMapping.swift in Sources */,
				D455EA741DC0981E00656EC2 /* IntegerMapping.swift in Sources */,
				D455EA731DC0981E00656EC2 /* InitMapping.swift in Sources */,
				D455EA7B1DC0981E00656EC2 /* Serializable.swift in Sources */,
				D4D92A6F1DEEA90B009513B8 /* MappingError.swift in Sources */,
				D455EA781DC0981E00656EC2 /* ObjectMetadata.swift in Sources */,
				D455EA791DC0981E00656EC2 /* OptionalMapping.swift in Sources */,
				D455EA7A1DC0981E00656EC2 /* PropertyMapping.swift in Sources */,
				D455EA7D1DC0981E00656EC2 /* Updatable.swift in Sources */,
				D455EA771DC0981E00656EC2 /* Metadata.swift in Sources */,
				D455EA721DC0981E00656EC2 /* Initializable.swift in Sources */,
			);
			runOnlyForDeploymentPostprocessing = 0;
		};
		D4A4545A1DBDDFB100551ADC /* Sources */ = {
			isa = PBXSourcesBuildPhase;
			buildActionMask = 2147483647;
			files = (
				D4D92A711DEEABF2009513B8 /* ArrayMappingTests.swift in Sources */,
				D4A454711DBDE06600551ADC /* SwiftClassMappingTests.swift in Sources */,
				D4A454771DBDE4DF00551ADC /* SwiftStructNullableTests.swift in Sources */,
				D439BA5E1DBEF78E00528B71 /* NumericalConvertTests.swift in Sources */,
				D4960D251DBF4A630017FE76 /* JSONSerializationTests.swift in Sources */,
				D4A454751DBDE37800551ADC /* SwiftStructNonilTests.swift in Sources */,
			);
			runOnlyForDeploymentPostprocessing = 0;
		};
/* End PBXSourcesBuildPhase section */

/* Begin PBXTargetDependency section */
		D455EA581DC097C600656EC2 /* PBXTargetDependency */ = {
			isa = PBXTargetDependency;
			target = D455EA511DC097C600656EC2 /* MappingAce */;
			targetProxy = D455EA571DC097C600656EC2 /* PBXContainerItemProxy */;
		};
		D4A454641DBDDFB100551ADC /* PBXTargetDependency */ = {
			isa = PBXTargetDependency;
			target = 45ABD5B41DABC12E00670593 /* Mapping */;
			targetProxy = D4A454631DBDDFB100551ADC /* PBXContainerItemProxy */;
		};
/* End PBXTargetDependency section */

/* Begin PBXVariantGroup section */
		45ABD5BC1DABC12F00670593 /* Main.storyboard */ = {
			isa = PBXVariantGroup;
			children = (
				45ABD5BD1DABC12F00670593 /* Base */,
			);
			name = Main.storyboard;
			sourceTree = "<group>";
		};
		45ABD5C11DABC12F00670593 /* LaunchScreen.storyboard */ = {
			isa = PBXVariantGroup;
			children = (
				45ABD5C21DABC12F00670593 /* Base */,
			);
			name = LaunchScreen.storyboard;
			sourceTree = "<group>";
		};
/* End PBXVariantGroup section */

/* Begin XCBuildConfiguration section */
		45ABD5C51DABC12F00670593 /* Debug */ = {
			isa = XCBuildConfiguration;
			buildSettings = {
				ALWAYS_SEARCH_USER_PATHS = NO;
				CLANG_ANALYZER_NONNULL = YES;
				CLANG_CXX_LANGUAGE_STANDARD = "gnu++0x";
				CLANG_CXX_LIBRARY = "libc++";
				CLANG_ENABLE_MODULES = YES;
				CLANG_ENABLE_OBJC_ARC = YES;
				CLANG_WARN_BOOL_CONVERSION = YES;
				CLANG_WARN_CONSTANT_CONVERSION = YES;
				CLANG_WARN_DIRECT_OBJC_ISA_USAGE = YES_ERROR;
				CLANG_WARN_DOCUMENTATION_COMMENTS = YES;
				CLANG_WARN_EMPTY_BODY = YES;
				CLANG_WARN_ENUM_CONVERSION = YES;
				CLANG_WARN_INFINITE_RECURSION = YES;
				CLANG_WARN_INT_CONVERSION = YES;
				CLANG_WARN_OBJC_ROOT_CLASS = YES_ERROR;
				CLANG_WARN_SUSPICIOUS_MOVES = YES;
				CLANG_WARN_UNREACHABLE_CODE = YES;
				CLANG_WARN__DUPLICATE_METHOD_MATCH = YES;
				"CODE_SIGN_IDENTITY[sdk=iphoneos*]" = "iPhone Developer";
				COPY_PHASE_STRIP = NO;
				DEBUG_INFORMATION_FORMAT = dwarf;
				ENABLE_STRICT_OBJC_MSGSEND = YES;
				ENABLE_TESTABILITY = YES;
				GCC_C_LANGUAGE_STANDARD = gnu99;
				GCC_DYNAMIC_NO_PIC = NO;
				GCC_NO_COMMON_BLOCKS = YES;
				GCC_OPTIMIZATION_LEVEL = 0;
				GCC_PREPROCESSOR_DEFINITIONS = (
					"DEBUG=1",
					"$(inherited)",
				);
				GCC_WARN_64_TO_32_BIT_CONVERSION = YES;
				GCC_WARN_ABOUT_RETURN_TYPE = YES_ERROR;
				GCC_WARN_UNDECLARED_SELECTOR = YES;
				GCC_WARN_UNINITIALIZED_AUTOS = YES_AGGRESSIVE;
				GCC_WARN_UNUSED_FUNCTION = YES;
				GCC_WARN_UNUSED_VARIABLE = YES;
				IPHONEOS_DEPLOYMENT_TARGET = 10.0;
				MTL_ENABLE_DEBUG_INFO = YES;
				ONLY_ACTIVE_ARCH = YES;
				SDKROOT = iphoneos;
				SWIFT_ACTIVE_COMPILATION_CONDITIONS = DEBUG;
				SWIFT_OPTIMIZATION_LEVEL = "-Onone";
				SWIFT_VERSION = 2.3;
				TARGETED_DEVICE_FAMILY = "1,2";
			};
			name = Debug;
		};
		45ABD5C61DABC12F00670593 /* Release */ = {
			isa = XCBuildConfiguration;
			buildSettings = {
				ALWAYS_SEARCH_USER_PATHS = NO;
				CLANG_ANALYZER_NONNULL = YES;
				CLANG_CXX_LANGUAGE_STANDARD = "gnu++0x";
				CLANG_CXX_LIBRARY = "libc++";
				CLANG_ENABLE_MODULES = YES;
				CLANG_ENABLE_OBJC_ARC = YES;
				CLANG_WARN_BOOL_CONVERSION = YES;
				CLANG_WARN_CONSTANT_CONVERSION = YES;
				CLANG_WARN_DIRECT_OBJC_ISA_USAGE = YES_ERROR;
				CLANG_WARN_DOCUMENTATION_COMMENTS = YES;
				CLANG_WARN_EMPTY_BODY = YES;
				CLANG_WARN_ENUM_CONVERSION = YES;
				CLANG_WARN_INFINITE_RECURSION = YES;
				CLANG_WARN_INT_CONVERSION = YES;
				CLANG_WARN_OBJC_ROOT_CLASS = YES_ERROR;
				CLANG_WARN_SUSPICIOUS_MOVES = YES;
				CLANG_WARN_UNREACHABLE_CODE = YES;
				CLANG_WARN__DUPLICATE_METHOD_MATCH = YES;
				"CODE_SIGN_IDENTITY[sdk=iphoneos*]" = "iPhone Developer";
				COPY_PHASE_STRIP = NO;
				DEBUG_INFORMATION_FORMAT = "dwarf-with-dsym";
				ENABLE_NS_ASSERTIONS = NO;
				ENABLE_STRICT_OBJC_MSGSEND = YES;
				GCC_C_LANGUAGE_STANDARD = gnu99;
				GCC_NO_COMMON_BLOCKS = YES;
				GCC_WARN_64_TO_32_BIT_CONVERSION = YES;
				GCC_WARN_ABOUT_RETURN_TYPE = YES_ERROR;
				GCC_WARN_UNDECLARED_SELECTOR = YES;
				GCC_WARN_UNINITIALIZED_AUTOS = YES_AGGRESSIVE;
				GCC_WARN_UNUSED_FUNCTION = YES;
				GCC_WARN_UNUSED_VARIABLE = YES;
				IPHONEOS_DEPLOYMENT_TARGET = 10.0;
				MTL_ENABLE_DEBUG_INFO = NO;
				SDKROOT = iphoneos;
				SWIFT_OPTIMIZATION_LEVEL = "-Owholemodule";
				SWIFT_VERSION = 2.3;
				TARGETED_DEVICE_FAMILY = "1,2";
				VALIDATE_PRODUCT = YES;
			};
			name = Release;
		};
		45ABD5C81DABC12F00670593 /* Debug */ = {
			isa = XCBuildConfiguration;
			buildSettings = {
				ALWAYS_EMBED_SWIFT_STANDARD_LIBRARIES = YES;
				ASSETCATALOG_COMPILER_APPICON_NAME = AppIcon;
				DEVELOPMENT_TEAM = VSXKPZWN4F;
				INFOPLIST_FILE = Mapping/Info.plist;
				IPHONEOS_DEPLOYMENT_TARGET = 8.0;
				LD_RUNPATH_SEARCH_PATHS = "$(inherited) @executable_path/Frameworks";
				PRODUCT_BUNDLE_IDENTIFIER = Bl.Mapping;
				PRODUCT_NAME = "$(TARGET_NAME)";
				SWIFT_VERSION = 2.3;
			};
			name = Debug;
		};
		45ABD5C91DABC12F00670593 /* Release */ = {
			isa = XCBuildConfiguration;
			buildSettings = {
				ALWAYS_EMBED_SWIFT_STANDARD_LIBRARIES = YES;
				ASSETCATALOG_COMPILER_APPICON_NAME = AppIcon;
				DEVELOPMENT_TEAM = VSXKPZWN4F;
				INFOPLIST_FILE = Mapping/Info.plist;
				IPHONEOS_DEPLOYMENT_TARGET = 8.0;
				LD_RUNPATH_SEARCH_PATHS = "$(inherited) @executable_path/Frameworks";
				PRODUCT_BUNDLE_IDENTIFIER = Bl.Mapping;
				PRODUCT_NAME = "$(TARGET_NAME)";
				SWIFT_VERSION = 2.3;
			};
			name = Release;
		};
		D455EA5B1DC097C600656EC2 /* Debug */ = {
			isa = XCBuildConfiguration;
			buildSettings = {
				CLANG_ENABLE_MODULES = YES;
				CODE_SIGN_IDENTITY = "";
				CURRENT_PROJECT_VERSION = 1;
				DEFINES_MODULE = YES;
				DEVELOPMENT_TEAM = VSXKPZWN4F;
				DYLIB_COMPATIBILITY_VERSION = 1;
				DYLIB_CURRENT_VERSION = 1;
				DYLIB_INSTALL_NAME_BASE = "@rpath";
				INFOPLIST_FILE = MappingAce/Info.plist;
				INSTALL_PATH = "$(LOCAL_LIBRARY_DIR)/Frameworks";
				IPHONEOS_DEPLOYMENT_TARGET = 8.0;
				LD_RUNPATH_SEARCH_PATHS = "$(inherited) @executable_path/Frameworks @loader_path/Frameworks";
				PRODUCT_BUNDLE_IDENTIFIER = IB.MappingAce;
				PRODUCT_NAME = "$(TARGET_NAME)";
				SKIP_INSTALL = YES;
				SWIFT_OPTIMIZATION_LEVEL = "-Onone";
				SWIFT_VERSION = 2.3;
				VERSIONING_SYSTEM = "apple-generic";
				VERSION_INFO_PREFIX = "";
			};
			name = Debug;
		};
		D455EA5C1DC097C600656EC2 /* Release */ = {
			isa = XCBuildConfiguration;
			buildSettings = {
				CLANG_ENABLE_MODULES = YES;
				CODE_SIGN_IDENTITY = "";
				CURRENT_PROJECT_VERSION = 1;
				DEFINES_MODULE = YES;
				DEVELOPMENT_TEAM = VSXKPZWN4F;
				DYLIB_COMPATIBILITY_VERSION = 1;
				DYLIB_CURRENT_VERSION = 1;
				DYLIB_INSTALL_NAME_BASE = "@rpath";
				INFOPLIST_FILE = MappingAce/Info.plist;
				INSTALL_PATH = "$(LOCAL_LIBRARY_DIR)/Frameworks";
				IPHONEOS_DEPLOYMENT_TARGET = 8.0;
				LD_RUNPATH_SEARCH_PATHS = "$(inherited) @executable_path/Frameworks @loader_path/Frameworks";
				PRODUCT_BUNDLE_IDENTIFIER = IB.MappingAce;
				PRODUCT_NAME = "$(TARGET_NAME)";
				SKIP_INSTALL = YES;
				SWIFT_VERSION = 2.3;
				VERSIONING_SYSTEM = "apple-generic";
				VERSION_INFO_PREFIX = "";
			};
			name = Release;
		};
		D4A454661DBDDFB100551ADC /* Debug */ = {
			isa = XCBuildConfiguration;
			buildSettings = {
				BUNDLE_LOADER = "$(TEST_HOST)";
				DEVELOPMENT_TEAM = VSXKPZWN4F;
				INFOPLIST_FILE = MappingTests/Info.plist;
				LD_RUNPATH_SEARCH_PATHS = "$(inherited) @executable_path/Frameworks @loader_path/Frameworks";
				PRODUCT_BUNDLE_IDENTIFIER = IB.MappingTests;
				PRODUCT_NAME = "$(TARGET_NAME)";
				SWIFT_VERSION = 2.3;
				TEST_HOST = "$(BUILT_PRODUCTS_DIR)/Mapping.app/Mapping";
			};
			name = Debug;
		};
		D4A454671DBDDFB100551ADC /* Release */ = {
			isa = XCBuildConfiguration;
			buildSettings = {
				BUNDLE_LOADER = "$(TEST_HOST)";
				DEVELOPMENT_TEAM = VSXKPZWN4F;
				INFOPLIST_FILE = MappingTests/Info.plist;
				LD_RUNPATH_SEARCH_PATHS = "$(inherited) @executable_path/Frameworks @loader_path/Frameworks";
				PRODUCT_BUNDLE_IDENTIFIER = IB.MappingTests;
				PRODUCT_NAME = "$(TARGET_NAME)";
				SWIFT_VERSION = 2.3;
				TEST_HOST = "$(BUILT_PRODUCTS_DIR)/Mapping.app/Mapping";
			};
			name = Release;
		};
/* End XCBuildConfiguration section */

/* Begin XCConfigurationList section */
		45ABD5B01DABC12E00670593 /* Build configuration list for PBXProject "Mapping" */ = {
			isa = XCConfigurationList;
			buildConfigurations = (
				45ABD5C51DABC12F00670593 /* Debug */,
				45ABD5C61DABC12F00670593 /* Release */,
			);
			defaultConfigurationIsVisible = 0;
			defaultConfigurationName = Release;
		};
		45ABD5C71DABC12F00670593 /* Build configuration list for PBXNativeTarget "Mapping" */ = {
			isa = XCConfigurationList;
			buildConfigurations = (
				45ABD5C81DABC12F00670593 /* Debug */,
				45ABD5C91DABC12F00670593 /* Release */,
			);
			defaultConfigurationIsVisible = 0;
			defaultConfigurationName = Release;
		};
		D455EA5D1DC097C600656EC2 /* Build configuration list for PBXNativeTarget "MappingAce" */ = {
			isa = XCConfigurationList;
			buildConfigurations = (
				D455EA5B1DC097C600656EC2 /* Debug */,
				D455EA5C1DC097C600656EC2 /* Release */,
			);
			defaultConfigurationIsVisible = 0;
			defaultConfigurationName = Release;
		};
		D4A454651DBDDFB100551ADC /* Build configuration list for PBXNativeTarget "MappingTests" */ = {
			isa = XCConfigurationList;
			buildConfigurations = (
				D4A454661DBDDFB100551ADC /* Debug */,
				D4A454671DBDDFB100551ADC /* Release */,
			);
			defaultConfigurationIsVisible = 0;
			defaultConfigurationName = Release;
		};
/* End XCConfigurationList section */
	};
	rootObject = 45ABD5AD1DABC12E00670593 /* Project object */;
}
